# THIS IS AN AUTOGENERATED FILE. DO NOT EDIT THIS FILE DIRECTLY.
# yarn lockfile v1


fruitsconfits@^0.2.0:
  version "0.2.0"
  resolved "https://registry.yarnpkg.com/fruitsconfits/-/fruitsconfits-0.2.0.tgz#c9fae71b82cca4a8adaeb21dc43f2f629d24637a"
  integrity sha512-SVkmApbK2HsxovCj9TJxsG2zSa3EZ3VdlD5oUEoUCC3TccXH+EmFlIS3iCmFNBUEL5hLfjyACWvELYkYWmwZfg==

liyad@^0.4.0:
  version "0.4.0"
  resolved "https://registry.yarnpkg.com/liyad/-/liyad-0.4.0.tgz#26d952d286eb584d24eeb2f3b3abc32b3ac5b96e"
  integrity sha512-gmoB1X1QL81aOclMejySeM5D6oMs4lvorzKCPPYbyNysFtM9Vmnk7BEYRnscIdDxNGO9Te+D3UkyHP//p7bTdA==

tynder@^0.1.3:
  version "0.1.3"
  resolved "https://registry.yarnpkg.com/tynder/-/tynder-0.1.3.tgz#b53ada1a054af3cab11b7f88261d7ed43ea7236d"
  integrity sha512-EQCapDJxZd+hlQ7zK4uNPZU8UoLkOFv5inEnxKL5pF6zcSBWjveEIBW8mNjyw4qO0MypdPuol9Cr3u9G+3p3rg==
  dependencies:
    fruitsconfits "^0.2.0"
    liyad "^0.4.0"
